
Microsoft Visual Studio Solution File, Format Version 12.00
# Visual Studio Version 16
VisualStudioVersion = 16.0.30611.23
MinimumVisualStudioVersion = 10.0.40219.1
Project("{FAE04EC0-301F-11D3-BF4B-00C04F79EFBC}") = "Map Generator", "Cellular Automata v2\Map Generator.csproj", "{9FEA0D39-F4F6-4A81-A260-EE14DC8AC744}"
EndProject
Global
	GlobalSection(SolutionConfigurationPlatforms) = preSolution
		Debug|Any CPU = Debug|Any CPU
		Release|Any CPU = Release|Any CPU
	EndGlobalSection
	GlobalSection(ProjectConfigurationPlatforms) = postSolution
		{9FEA0D39-F4F6-4A81-A260-EE14DC8AC744}.Debug|Any CPU.ActiveCfg = Debug|Any CPU
		{9FEA0D39-F4F6-4A81-A260-EE14DC8AC744}.Debug|Any CPU.Build.0 = Debug|Any CPU
		{9FEA0D39-F4F6-4A81-A260-EE14DC8AC744}.Release|Any CPU.ActiveCfg = Release|Any CPU
		{9FEA0D39-F4F6-4A81-A260-EE14DC8AC744}.Release|Any CPU.Build.0 = Release|Any CPU
	EndGlobalSection
	GlobalSection(SolutionProperties) = preSolution
		HideSolutionNode = FALSE
	EndGlobalSection
	GlobalSection(ExtensibilityGlobals) = postSolution
		SolutionGuid = {0E1E5ED9-F82E-43AD-8026-12CED06F1BB4}
	EndGlobalSection
EndGlobal
